
Microsoft Visual Studio Solution File, Format Version 12.00
# Visual Studio Version 17
VisualStudioVersion = 17.10.35122.118
MinimumVisualStudioVersion = 10.0.40219.1
Project("{9A19103F-16F7-4668-BE54-9A1E7A4F7556}") = "Mystore", "Mystore\Mystore.csproj", "{5EAAF197-A1D8-401B-B88C-DC40CABBD1B2}"
EndProject
Global
	GlobalSection(SolutionConfigurationPlatforms) = preSolution
		Debug|Any CPU = Debug|Any CPU
		Release|Any CPU = Release|Any CPU
	EndGlobalSection
	GlobalSection(ProjectConfigurationPlatforms) = postSolution
		{5EAAF197-A1D8-401B-B88C-DC40CABBD1B2}.Debug|Any CPU.ActiveCfg = Debug|Any CPU
		{5EAAF197-A1D8-401B-B88C-DC40CABBD1B2}.Debug|Any CPU.Build.0 = Debug|Any CPU
		{5EAAF197-A1D8-401B-B88C-DC40CABBD1B2}.Release|Any CPU.ActiveCfg = Release|Any CPU
		{5EAAF197-A1D8-401B-B88C-DC40CABBD1B2}.Release|Any CPU.Build.0 = Release|Any CPU
	EndGlobalSection
	GlobalSection(SolutionProperties) = preSolution
		HideSolutionNode = FALSE
	EndGlobalSection
	GlobalSection(ExtensibilityGlobals) = postSolution
		SolutionGuid = {28BC3FC1-1CD9-4DEF-AF97-178D7E993B32}
	EndGlobalSection
EndGlobal
